
Microsoft Visual Studio Solution File, Format Version 12.00
# Visual Studio Version 17
VisualStudioVersion = 17.0.32112.339
MinimumVisualStudioVersion = 10.0.40219.1
Project("{8BC9CEB8-8B4A-11D0-8D11-00A0C91BC942}") = "ktl", "ktl.vcxproj", "{68A4E38A-6FF0-4DF7-A3F5-82D099C9514F}"
EndProject
Global
	GlobalSection(SolutionConfigurationPlatforms) = preSolution
		Debug|x64 = Debug|x64
		Debug|x86 = Debug|x86
		Release|x64 = Release|x64
		Release|x86 = Release|x86
	EndGlobalSection
	GlobalSection(ProjectConfigurationPlatforms) = postSolution
		{68A4E38A-6FF0-4DF7-A3F5-82D099C9514F}.Debug|x64.ActiveCfg = Debug|x64
		{68A4E38A-6FF0-4DF7-A3F5-82D099C9514F}.Debug|x64.Build.0 = Debug|x64
		{68A4E38A-6FF0-4DF7-A3F5-82D099C9514F}.Debug|x86.ActiveCfg = Debug|Win32
		{68A4E38A-6FF0-4DF7-A3F5-82D099C9514F}.Debug|x86.Build.0 = Debug|Win32
		{68A4E38A-6FF0-4DF7-A3F5-82D099C9514F}.Release|x64.ActiveCfg = Release|x64
		{68A4E38A-6FF0-4DF7-A3F5-82D099C9514F}.Release|x64.Build.0 = Release|x64
		{68A4E38A-6FF0-4DF7-A3F5-82D099C9514F}.Release|x86.ActiveCfg = Release|Win32
		{68A4E38A-6FF0-4DF7-A3F5-82D099C9514F}.Release|x86.Build.0 = Release|Win32
	EndGlobalSection
	GlobalSection(SolutionProperties) = preSolution
		HideSolutionNode = FALSE
	EndGlobalSection
	GlobalSection(ExtensibilityGlobals) = postSolution
		SolutionGuid = {82859F2A-7180-464C-91FE-E931D8D56816}
	EndGlobalSection
EndGlobal
